
Microsoft Visual Studio Solution File, Format Version 12.00
# Visual Studio Version 17
VisualStudioVersion = 17.12.35728.132 d17.12
MinimumVisualStudioVersion = 10.0.40219.1
Project("{FAE04EC0-301F-11D3-BF4B-00C04F79EFBC}") = "MoonshineAsr.Examples", "MoonshineAsr.Examples\MoonshineAsr.Examples.csproj", "{9A23BD05-9D2B-40DB-A291-01FA35B6D134}"
EndProject
Project("{FAE04EC0-301F-11D3-BF4B-00C04F79EFBC}") = "MoonshineAsr", "MoonshineAsr\MoonshineAsr.csproj", "{B696D3FF-49CD-4A82-982D-CB9B21C0516A}"
EndProject
Global
	GlobalSection(SolutionConfigurationPlatforms) = preSolution
		Debug|Any CPU = Debug|Any CPU
		Debug|x64 = Debug|x64
		Debug|x86 = Debug|x86
		Release|Any CPU = Release|Any CPU
		Release|x64 = Release|x64
		Release|x86 = Release|x86
	EndGlobalSection
	GlobalSection(ProjectConfigurationPlatforms) = postSolution
		{9A23BD05-9D2B-40DB-A291-01FA35B6D134}.Debug|Any CPU.ActiveCfg = Debug|Any CPU
		{9A23BD05-9D2B-40DB-A291-01FA35B6D134}.Debug|Any CPU.Build.0 = Debug|Any CPU
		{9A23BD05-9D2B-40DB-A291-01FA35B6D134}.Debug|x64.ActiveCfg = Debug|Any CPU
		{9A23BD05-9D2B-40DB-A291-01FA35B6D134}.Debug|x64.Build.0 = Debug|Any CPU
		{9A23BD05-9D2B-40DB-A291-01FA35B6D134}.Debug|x86.ActiveCfg = Debug|Any CPU
		{9A23BD05-9D2B-40DB-A291-01FA35B6D134}.Debug|x86.Build.0 = Debug|Any CPU
		{9A23BD05-9D2B-40DB-A291-01FA35B6D134}.Release|Any CPU.ActiveCfg = Release|Any CPU
		{9A23BD05-9D2B-40DB-A291-01FA35B6D134}.Release|Any CPU.Build.0 = Release|Any CPU
		{9A23BD05-9D2B-40DB-A291-01FA35B6D134}.Release|x64.ActiveCfg = Release|Any CPU
		{9A23BD05-9D2B-40DB-A291-01FA35B6D134}.Release|x64.Build.0 = Release|Any CPU
		{9A23BD05-9D2B-40DB-A291-01FA35B6D134}.Release|x86.ActiveCfg = Release|Any CPU
		{9A23BD05-9D2B-40DB-A291-01FA35B6D134}.Release|x86.Build.0 = Release|Any CPU
		{B696D3FF-49CD-4A82-982D-CB9B21C0516A}.Debug|Any CPU.ActiveCfg = Debug|Any CPU
		{B696D3FF-49CD-4A82-982D-CB9B21C0516A}.Debug|Any CPU.Build.0 = Debug|Any CPU
		{B696D3FF-49CD-4A82-982D-CB9B21C0516A}.Debug|x64.ActiveCfg = Debug|Any CPU
		{B696D3FF-49CD-4A82-982D-CB9B21C0516A}.Debug|x64.Build.0 = Debug|Any CPU
		{B696D3FF-49CD-4A82-982D-CB9B21C0516A}.Debug|x86.ActiveCfg = Debug|Any CPU
		{B696D3FF-49CD-4A82-982D-CB9B21C0516A}.Debug|x86.Build.0 = Debug|Any CPU
		{B696D3FF-49CD-4A82-982D-CB9B21C0516A}.Release|Any CPU.ActiveCfg = Release|Any CPU
		{B696D3FF-49CD-4A82-982D-CB9B21C0516A}.Release|Any CPU.Build.0 = Release|Any CPU
		{B696D3FF-49CD-4A82-982D-CB9B21C0516A}.Release|x64.ActiveCfg = Release|Any CPU
		{B696D3FF-49CD-4A82-982D-CB9B21C0516A}.Release|x64.Build.0 = Release|Any CPU
		{B696D3FF-49CD-4A82-982D-CB9B21C0516A}.Release|x86.ActiveCfg = Release|Any CPU
		{B696D3FF-49CD-4A82-982D-CB9B21C0516A}.Release|x86.Build.0 = Release|Any CPU
	EndGlobalSection
	GlobalSection(SolutionProperties) = preSolution
		HideSolutionNode = FALSE
	EndGlobalSection
EndGlobal
